# This file was autogenerated by Stack.
# You should not edit this file by hand.
# For more information, please see the documentation at:
#   https://docs.haskellstack.org/en/stable/lock_files

packages:
- completed:
    hackage: timeout-0.1.1@sha256:56c1d3321d7139d1f7ebf04d46c95d3a3f1c8c9e0f15666ae3ccd6bae6204b6e,1427
    pantry-tree:
      sha256: e571503d7e609c3fe496de7e858613360bfa6c06e20ac57d9659bd32d0645889
      size: 437
  original:
    hackage: timeout-0.1.1@sha256:56c1d3321d7139d1f7ebf04d46c95d3a3f1c8c9e0f15666ae3ccd6bae6204b6e,1427
snapshots:
- completed:
    sha256: afd5ba64ab602cabc2d3942d3d7e7dd6311bc626dcb415b901eaf576cb62f0ea
    size: 640060
    url: https://raw.githubusercontent.com/commercialhaskell/stackage-snapshots/master/lts/21/22.yaml
  original: lts-21.22
